
Microsoft Visual Studio Solution File, Format Version 12.00
# Visual Studio Version 17
VisualStudioVersion = 17.13.35806.99 d17.13
MinimumVisualStudioVersion = 10.0.40219.1
Project("{FAE04EC0-301F-11D3-BF4B-00C04F79EFBC}") = "WitchCRM", "WitchCRM.csproj", "{F3A7AF45-2B8B-44D8-9187-FF4A5A6AE323}"
EndProject
Global
	GlobalSection(SolutionConfigurationPlatforms) = preSolution
		Debug|Any CPU = Debug|Any CPU
		Release|Any CPU = Release|Any CPU
	EndGlobalSection
	GlobalSection(ProjectConfigurationPlatforms) = postSolution
		{F3A7AF45-2B8B-44D8-9187-FF4A5A6AE323}.Debug|Any CPU.ActiveCfg = Debug|Any CPU
		{F3A7AF45-2B8B-44D8-9187-FF4A5A6AE323}.Debug|Any CPU.Build.0 = Debug|Any CPU
		{F3A7AF45-2B8B-44D8-9187-FF4A5A6AE323}.Release|Any CPU.ActiveCfg = Release|Any CPU
		{F3A7AF45-2B8B-44D8-9187-FF4A5A6AE323}.Release|Any CPU.Build.0 = Release|Any CPU
	EndGlobalSection
	GlobalSection(SolutionProperties) = preSolution
		HideSolutionNode = FALSE
	EndGlobalSection
	GlobalSection(ExtensibilityGlobals) = postSolution
		SolutionGuid = {D85E6422-F527-47D7-89D7-852D9496B0A4}
	EndGlobalSection
EndGlobal
